
Microsoft Visual Studio Solution File, Format Version 11.00
# Visual Studio 2010
Project("{FAE04EC0-301F-11D3-BF4B-00C04F79EFBC}") = "Mse", "MSE\Mse.csproj", "{B247E217-B340-42BA-B660-69D5927F6D4E}"
EndProject
Project("{FAE04EC0-301F-11D3-BF4B-00C04F79EFBC}") = "MseTest", "MseTest\MseTest.csproj", "{0F5C8E59-C1D3-454E-BEC7-151EED9A8819}"
	ProjectSection(ProjectDependencies) = postProject
		{B247E217-B340-42BA-B660-69D5927F6D4E} = {B247E217-B340-42BA-B660-69D5927F6D4E}
		{672D38D6-DC51-4DA2-8622-447C0EA74A4D} = {672D38D6-DC51-4DA2-8622-447C0EA74A4D}
	EndProjectSection
EndProject
Project("{FAE04EC0-301F-11D3-BF4B-00C04F79EFBC}") = "UnitTestHelper", "UnitTestHelper\UnitTestHelper.csproj", "{672D38D6-DC51-4DA2-8622-447C0EA74A4D}"
EndProject
Project("{2150E333-8FDC-42A3-9474-1A3956D46DE8}") = "Solution Items", "Solution Items", "{8FE58EE1-7551-4A34-B6A2-90596ADC2FC5}"
	ProjectSection(SolutionItems) = preProject
		MSE.Settings.targets = MSE.Settings.targets
	EndProjectSection
EndProject
Project("{FAE04EC0-301F-11D3-BF4B-00C04F79EFBC}") = "NativeDebugWrappers", "..\mdbg\NativeDebugWrappers\NativeDebugWrappers.csproj", "{3991AB6C-468B-4C28-95FC-3188CFB34180}"
EndProject
Project("{FAE04EC0-301F-11D3-BF4B-00C04F79EFBC}") = "Raw", "..\mdbg\raw\Raw.csproj", "{C18D303B-2C55-43EB-A3DF-39CF3FB1D447}"
EndProject
Project("{FAE04EC0-301F-11D3-BF4B-00C04F79EFBC}") = "CorApi", "..\mdbg\corapi\CorApi.csproj", "{04EF9865-E1B1-403D-802B-E4FAEA50A634}"
EndProject
Global
	GlobalSection(TestCaseManagementSettings) = postSolution
		CategoryFile = mse.vsmdi
	EndGlobalSection
	GlobalSection(SolutionConfigurationPlatforms) = preSolution
		Debug|Any CPU = Debug|Any CPU
		FxCop-Debug|Any CPU = FxCop-Debug|Any CPU
		FxCop-Release|Any CPU = FxCop-Release|Any CPU
		Release|Any CPU = Release|Any CPU
	EndGlobalSection
	GlobalSection(ProjectConfigurationPlatforms) = postSolution
		{B247E217-B340-42BA-B660-69D5927F6D4E}.Debug|Any CPU.ActiveCfg = Debug|Any CPU
		{B247E217-B340-42BA-B660-69D5927F6D4E}.Debug|Any CPU.Build.0 = Debug|Any CPU
		{B247E217-B340-42BA-B660-69D5927F6D4E}.FxCop-Debug|Any CPU.ActiveCfg = FxCop-Debug|Any CPU
		{B247E217-B340-42BA-B660-69D5927F6D4E}.FxCop-Debug|Any CPU.Build.0 = FxCop-Debug|Any CPU
		{B247E217-B340-42BA-B660-69D5927F6D4E}.FxCop-Release|Any CPU.ActiveCfg = FxCop-Release|Any CPU
		{B247E217-B340-42BA-B660-69D5927F6D4E}.FxCop-Release|Any CPU.Build.0 = FxCop-Release|Any CPU
		{B247E217-B340-42BA-B660-69D5927F6D4E}.Release|Any CPU.ActiveCfg = Release|Any CPU
		{B247E217-B340-42BA-B660-69D5927F6D4E}.Release|Any CPU.Build.0 = Release|Any CPU
		{0F5C8E59-C1D3-454E-BEC7-151EED9A8819}.Debug|Any CPU.ActiveCfg = Debug|Any CPU
		{0F5C8E59-C1D3-454E-BEC7-151EED9A8819}.Debug|Any CPU.Build.0 = Debug|Any CPU
		{0F5C8E59-C1D3-454E-BEC7-151EED9A8819}.FxCop-Debug|Any CPU.ActiveCfg = Debug|Any CPU
		{0F5C8E59-C1D3-454E-BEC7-151EED9A8819}.FxCop-Debug|Any CPU.Build.0 = Debug|Any CPU
		{0F5C8E59-C1D3-454E-BEC7-151EED9A8819}.FxCop-Release|Any CPU.ActiveCfg = Release|Any CPU
		{0F5C8E59-C1D3-454E-BEC7-151EED9A8819}.FxCop-Release|Any CPU.Build.0 = Release|Any CPU
		{0F5C8E59-C1D3-454E-BEC7-151EED9A8819}.Release|Any CPU.ActiveCfg = Release|Any CPU
		{0F5C8E59-C1D3-454E-BEC7-151EED9A8819}.Release|Any CPU.Build.0 = Release|Any CPU
		{672D38D6-DC51-4DA2-8622-447C0EA74A4D}.Debug|Any CPU.ActiveCfg = Debug|Any CPU
		{672D38D6-DC51-4DA2-8622-447C0EA74A4D}.Debug|Any CPU.Build.0 = Debug|Any CPU
		{672D38D6-DC51-4DA2-8622-447C0EA74A4D}.FxCop-Debug|Any CPU.ActiveCfg = Debug|Any CPU
		{672D38D6-DC51-4DA2-8622-447C0EA74A4D}.FxCop-Debug|Any CPU.Build.0 = Debug|Any CPU
		{672D38D6-DC51-4DA2-8622-447C0EA74A4D}.FxCop-Release|Any CPU.ActiveCfg = Release|Any CPU
		{672D38D6-DC51-4DA2-8622-447C0EA74A4D}.FxCop-Release|Any CPU.Build.0 = Release|Any CPU
		{672D38D6-DC51-4DA2-8622-447C0EA74A4D}.Release|Any CPU.ActiveCfg = Release|Any CPU
		{672D38D6-DC51-4DA2-8622-447C0EA74A4D}.Release|Any CPU.Build.0 = Release|Any CPU
		{3991AB6C-468B-4C28-95FC-3188CFB34180}.Debug|Any CPU.ActiveCfg = Debug|Any CPU
		{3991AB6C-468B-4C28-95FC-3188CFB34180}.Debug|Any CPU.Build.0 = Debug|Any CPU
		{3991AB6C-468B-4C28-95FC-3188CFB34180}.FxCop-Debug|Any CPU.ActiveCfg = Debug|Any CPU
		{3991AB6C-468B-4C28-95FC-3188CFB34180}.FxCop-Debug|Any CPU.Build.0 = Debug|Any CPU
		{3991AB6C-468B-4C28-95FC-3188CFB34180}.FxCop-Release|Any CPU.ActiveCfg = Release|Any CPU
		{3991AB6C-468B-4C28-95FC-3188CFB34180}.FxCop-Release|Any CPU.Build.0 = Release|Any CPU
		{3991AB6C-468B-4C28-95FC-3188CFB34180}.Release|Any CPU.ActiveCfg = Release|Any CPU
		{3991AB6C-468B-4C28-95FC-3188CFB34180}.Release|Any CPU.Build.0 = Release|Any CPU
		{C18D303B-2C55-43EB-A3DF-39CF3FB1D447}.Debug|Any CPU.ActiveCfg = Debug|Any CPU
		{C18D303B-2C55-43EB-A3DF-39CF3FB1D447}.Debug|Any CPU.Build.0 = Debug|Any CPU
		{C18D303B-2C55-43EB-A3DF-39CF3FB1D447}.FxCop-Debug|Any CPU.ActiveCfg = Debug|Any CPU
		{C18D303B-2C55-43EB-A3DF-39CF3FB1D447}.FxCop-Debug|Any CPU.Build.0 = Debug|Any CPU
		{C18D303B-2C55-43EB-A3DF-39CF3FB1D447}.FxCop-Release|Any CPU.ActiveCfg = Release|Any CPU
		{C18D303B-2C55-43EB-A3DF-39CF3FB1D447}.FxCop-Release|Any CPU.Build.0 = Release|Any CPU
		{C18D303B-2C55-43EB-A3DF-39CF3FB1D447}.Release|Any CPU.ActiveCfg = Release|Any CPU
		{C18D303B-2C55-43EB-A3DF-39CF3FB1D447}.Release|Any CPU.Build.0 = Release|Any CPU
		{04EF9865-E1B1-403D-802B-E4FAEA50A634}.Debug|Any CPU.ActiveCfg = Debug|Any CPU
		{04EF9865-E1B1-403D-802B-E4FAEA50A634}.Debug|Any CPU.Build.0 = Debug|Any CPU
		{04EF9865-E1B1-403D-802B-E4FAEA50A634}.FxCop-Debug|Any CPU.ActiveCfg = Debug|Any CPU
		{04EF9865-E1B1-403D-802B-E4FAEA50A634}.FxCop-Debug|Any CPU.Build.0 = Debug|Any CPU
		{04EF9865-E1B1-403D-802B-E4FAEA50A634}.FxCop-Release|Any CPU.ActiveCfg = Release|Any CPU
		{04EF9865-E1B1-403D-802B-E4FAEA50A634}.FxCop-Release|Any CPU.Build.0 = Release|Any CPU
		{04EF9865-E1B1-403D-802B-E4FAEA50A634}.Release|Any CPU.ActiveCfg = Release|Any CPU
		{04EF9865-E1B1-403D-802B-E4FAEA50A634}.Release|Any CPU.Build.0 = Release|Any CPU
	EndGlobalSection
	GlobalSection(SolutionProperties) = preSolution
		HideSolutionNode = FALSE
	EndGlobalSection
EndGlobal
